
Microsoft Visual Studio Solution File, Format Version 12.00
# Visual Studio 14
VisualStudioVersion = 14.0.25123.0
MinimumVisualStudioVersion = 10.0.40219.1
Project("{FAE04EC0-301F-11D3-BF4B-00C04F79EFBC}") = "GiftList.DATA", "GiftList.DATA\GiftList.DATA.csproj", "{A11BC051-2109-4006-8201-FA606095DD98}"
EndProject
Project("{FAE04EC0-301F-11D3-BF4B-00C04F79EFBC}") = "GiftList.BAL", "GiftList.BAL\GiftList.BAL.csproj", "{B4B601F1-9C03-4E92-B171-9C93601BE047}"
EndProject
Project("{FAE04EC0-301F-11D3-BF4B-00C04F79EFBC}") = "GiftList.WEB", "GiftList.WEB\GiftList.WEB.csproj", "{7880CEEC-A78B-4748-8237-9B86136CF21F}"
EndProject
Global
	GlobalSection(SolutionConfigurationPlatforms) = preSolution
		Debug|Any CPU = Debug|Any CPU
		Release|Any CPU = Release|Any CPU
	EndGlobalSection
	GlobalSection(ProjectConfigurationPlatforms) = postSolution
		{A11BC051-2109-4006-8201-FA606095DD98}.Debug|Any CPU.ActiveCfg = Debug|Any CPU
		{A11BC051-2109-4006-8201-FA606095DD98}.Debug|Any CPU.Build.0 = Debug|Any CPU
		{A11BC051-2109-4006-8201-FA606095DD98}.Release|Any CPU.ActiveCfg = Release|Any CPU
		{A11BC051-2109-4006-8201-FA606095DD98}.Release|Any CPU.Build.0 = Release|Any CPU
		{B4B601F1-9C03-4E92-B171-9C93601BE047}.Debug|Any CPU.ActiveCfg = Debug|Any CPU
		{B4B601F1-9C03-4E92-B171-9C93601BE047}.Debug|Any CPU.Build.0 = Debug|Any CPU
		{B4B601F1-9C03-4E92-B171-9C93601BE047}.Release|Any CPU.ActiveCfg = Release|Any CPU
		{B4B601F1-9C03-4E92-B171-9C93601BE047}.Release|Any CPU.Build.0 = Release|Any CPU
		{7880CEEC-A78B-4748-8237-9B86136CF21F}.Debug|Any CPU.ActiveCfg = Debug|Any CPU
		{7880CEEC-A78B-4748-8237-9B86136CF21F}.Debug|Any CPU.Build.0 = Debug|Any CPU
		{7880CEEC-A78B-4748-8237-9B86136CF21F}.Release|Any CPU.ActiveCfg = Release|Any CPU
		{7880CEEC-A78B-4748-8237-9B86136CF21F}.Release|Any CPU.Build.0 = Release|Any CPU
	EndGlobalSection
	GlobalSection(SolutionProperties) = preSolution
		HideSolutionNode = FALSE
	EndGlobalSection
EndGlobal
